
Microsoft Visual Studio Solution File, Format Version 12.00
# Visual Studio Version 17
VisualStudioVersion = 17.14.36221.1 d17.14
MinimumVisualStudioVersion = 10.0.40219.1
Project("{FAE04EC0-301F-11D3-BF4B-00C04F79EFBC}") = "TEST - CI_CD", "TEST - CI_CD\TEST - CI_CD.csproj", "{810A4063-5DE4-4CD2-9629-A4CBF398A057}"
EndProject
Global
	GlobalSection(SolutionConfigurationPlatforms) = preSolution
		Debug|Any CPU = Debug|Any CPU
		Release|Any CPU = Release|Any CPU
	EndGlobalSection
	GlobalSection(ProjectConfigurationPlatforms) = postSolution
		{810A4063-5DE4-4CD2-9629-A4CBF398A057}.Debug|Any CPU.ActiveCfg = Debug|Any CPU
		{810A4063-5DE4-4CD2-9629-A4CBF398A057}.Debug|Any CPU.Build.0 = Debug|Any CPU
		{810A4063-5DE4-4CD2-9629-A4CBF398A057}.Release|Any CPU.ActiveCfg = Release|Any CPU
		{810A4063-5DE4-4CD2-9629-A4CBF398A057}.Release|Any CPU.Build.0 = Release|Any CPU
	EndGlobalSection
	GlobalSection(SolutionProperties) = preSolution
		HideSolutionNode = FALSE
	EndGlobalSection
	GlobalSection(ExtensibilityGlobals) = postSolution
		SolutionGuid = {E685441A-3A8B-450B-9A28-0EFAE9F8A0EB}
	EndGlobalSection
EndGlobal
